// !$*UTF8*$!
{
	archiveVersion = 1;
	classes = {
	};
	objectVersion = 56;
	objects = {

/* Begin PBXBuildFile section */
		A02A06262C63E06C001539D3 /* SplashyApp.swift in Sources */ = {isa = PBXBuildFile; fileRef = A02A06252C63E06C001539D3 /* SplashyApp.swift */; };
		A02A062A2C63E06D001539D3 /* Assets.xcassets in Resources */ = {isa = PBXBuildFile; fileRef = A02A06292C63E06D001539D3 /* Assets.xcassets */; };
		A02A062D2C63E06D001539D3 /* Preview Assets.xcassets in Resources */ = {isa = PBXBuildFile; fileRef = A02A062C2C63E06D001539D3 /* Preview Assets.xcassets */; };
		A02A064E2C63E854001539D3 /* APIManager.swift in Sources */ = {isa = PBXBuildFile; fileRef = A02A064D2C63E854001539D3 /* APIManager.swift */; };
		A02A06502C63E860001539D3 /* DBManager.swift in Sources */ = {isa = PBXBuildFile; fileRef = A02A064F2C63E860001539D3 /* DBManager.swift */; };
		A07005E02C674A5E00813123 /* Constants.swift in Sources */ = {isa = PBXBuildFile; fileRef = A07005DF2C674A5E00813123 /* Constants.swift */; };
		A07005E22C677E7E00813123 /* AppState.swift in Sources */ = {isa = PBXBuildFile; fileRef = A07005E12C677E7E00813123 /* AppState.swift */; };
		A0AB7C302C6537750092986E /* OnboardingView.swift in Sources */ = {isa = PBXBuildFile; fileRef = A0AB7C2F2C6537750092986E /* OnboardingView.swift */; };
		A0AB7C322C6537980092986E /* OnboardingModel.swift in Sources */ = {isa = PBXBuildFile; fileRef = A0AB7C312C6537980092986E /* OnboardingModel.swift */; };
		A0AB7C342C6538070092986E /* OnboardingState.swift in Sources */ = {isa = PBXBuildFile; fileRef = A0AB7C332C6538070092986E /* OnboardingState.swift */; };
		A0AB7C362C65384B0092986E /* OnboardingAction.swift in Sources */ = {isa = PBXBuildFile; fileRef = A0AB7C352C65384B0092986E /* OnboardingAction.swift */; };
		A0AB7C382C6538DE0092986E /* OnboardingReducer.swift in Sources */ = {isa = PBXBuildFile; fileRef = A0AB7C372C6538DE0092986E /* OnboardingReducer.swift */; };
		A0AB7C3A2C653A4B0092986E /* OnboardingStore.swift in Sources */ = {isa = PBXBuildFile; fileRef = A0AB7C392C653A4B0092986E /* OnboardingStore.swift */; };
		A0AB7C402C6540E40092986E /* OnboardingPageView.swift in Sources */ = {isa = PBXBuildFile; fileRef = A0AB7C3F2C6540E40092986E /* OnboardingPageView.swift */; };
/* End PBXBuildFile section */

/* Begin PBXFileReference section */
		A02A06222C63E06C001539D3 /* Splashy.app */ = {isa = PBXFileReference; explicitFileType = wrapper.application; includeInIndex = 0; path = Splashy.app; sourceTree = BUILT_PRODUCTS_DIR; };
		A02A06252C63E06C001539D3 /* SplashyApp.swift */ = {isa = PBXFileReference; lastKnownFileType = sourcecode.swift; path = SplashyApp.swift; sourceTree = "<group>"; };
		A02A06292C63E06D001539D3 /* Assets.xcassets */ = {isa = PBXFileReference; lastKnownFileType = folder.assetcatalog; path = Assets.xcassets; sourceTree = "<group>"; };
		A02A062C2C63E06D001539D3 /* Preview Assets.xcassets */ = {isa = PBXFileReference; lastKnownFileType = folder.assetcatalog; path = "Preview Assets.xcassets"; sourceTree = "<group>"; };
		A02A064D2C63E854001539D3 /* APIManager.swift */ = {isa = PBXFileReference; lastKnownFileType = sourcecode.swift; path = APIManager.swift; sourceTree = "<group>"; };
		A02A064F2C63E860001539D3 /* DBManager.swift */ = {isa = PBXFileReference; lastKnownFileType = sourcecode.swift; path = DBManager.swift; sourceTree = "<group>"; };
		A07005DF2C674A5E00813123 /* Constants.swift */ = {isa = PBXFileReference; lastKnownFileType = sourcecode.swift; path = Constants.swift; sourceTree = "<group>"; };
		A07005E12C677E7E00813123 /* AppState.swift */ = {isa = PBXFileReference; lastKnownFileType = sourcecode.swift; path = AppState.swift; sourceTree = "<group>"; };
		A0AB7C2F2C6537750092986E /* OnboardingView.swift */ = {isa = PBXFileReference; lastKnownFileType = sourcecode.swift; path = OnboardingView.swift; sourceTree = "<group>"; };
		A0AB7C312C6537980092986E /* OnboardingModel.swift */ = {isa = PBXFileReference; lastKnownFileType = sourcecode.swift; path = OnboardingModel.swift; sourceTree = "<group>"; };
		A0AB7C332C6538070092986E /* OnboardingState.swift */ = {isa = PBXFileReference; lastKnownFileType = sourcecode.swift; path = OnboardingState.swift; sourceTree = "<group>"; };
		A0AB7C352C65384B0092986E /* OnboardingAction.swift */ = {isa = PBXFileReference; lastKnownFileType = sourcecode.swift; path = OnboardingAction.swift; sourceTree = "<group>"; };
		A0AB7C372C6538DE0092986E /* OnboardingReducer.swift */ = {isa = PBXFileReference; lastKnownFileType = sourcecode.swift; path = OnboardingReducer.swift; sourceTree = "<group>"; };
		A0AB7C392C653A4B0092986E /* OnboardingStore.swift */ = {isa = PBXFileReference; lastKnownFileType = sourcecode.swift; path = OnboardingStore.swift; sourceTree = "<group>"; };
		A0AB7C3F2C6540E40092986E /* OnboardingPageView.swift */ = {isa = PBXFileReference; lastKnownFileType = sourcecode.swift; path = OnboardingPageView.swift; sourceTree = "<group>"; };
/* End PBXFileReference section */

/* Begin PBXFrameworksBuildPhase section */
		A02A061F2C63E06C001539D3 /* Frameworks */ = {
			isa = PBXFrameworksBuildPhase;
			buildActionMask = 2147483647;
			files = (
			);
			runOnlyForDeploymentPostprocessing = 0;
		};
/* End PBXFrameworksBuildPhase section */

/* Begin PBXGroup section */
		A02A06192C63E06C001539D3 = {
			isa = PBXGroup;
			children = (
				A02A06242C63E06C001539D3 /* Splashy */,
				A02A06232C63E06C001539D3 /* Products */,
			);
			sourceTree = "<group>";
		};
		A02A06232C63E06C001539D3 /* Products */ = {
			isa = PBXGroup;
			children = (
				A02A06222C63E06C001539D3 /* Splashy.app */,
			);
			name = Products;
			sourceTree = "<group>";
		};
		A02A06242C63E06C001539D3 /* Splashy */ = {
			isa = PBXGroup;
			children = (
				A07005E12C677E7E00813123 /* AppState.swift */,
				A02A06252C63E06C001539D3 /* SplashyApp.swift */,
				A02A06292C63E06D001539D3 /* Assets.xcassets */,
				A07005DE2C674A4700813123 /* Constants */,
				A02A06492C63E3F1001539D3 /* UI */,
				A02A06482C63E3E7001539D3 /* API */,
				A02A06472C63E3D8001539D3 /* DB */,
				A02A064A2C63E40D001539D3 /* Scenes */,
				A02A062B2C63E06D001539D3 /* Preview Content */,
			);
			path = Splashy;
			sourceTree = "<group>";
		};
		A02A062B2C63E06D001539D3 /* Preview Content */ = {
			isa = PBXGroup;
			children = (
				A02A062C2C63E06D001539D3 /* Preview Assets.xcassets */,
			);
			path = "Preview Content";
			sourceTree = "<group>";
		};
		A02A06472C63E3D8001539D3 /* DB */ = {
			isa = PBXGroup;
			children = (
				A02A064F2C63E860001539D3 /* DBManager.swift */,
			);
			path = DB;
			sourceTree = "<group>";
		};
		A02A06482C63E3E7001539D3 /* API */ = {
			isa = PBXGroup;
			children = (
				A02A064D2C63E854001539D3 /* APIManager.swift */,
			);
			path = API;
			sourceTree = "<group>";
		};
		A02A06492C63E3F1001539D3 /* UI */ = {
			isa = PBXGroup;
			children = (
				A0AB7C3F2C6540E40092986E /* OnboardingPageView.swift */,
			);
			path = UI;
			sourceTree = "<group>";
		};
		A02A064A2C63E40D001539D3 /* Scenes */ = {
			isa = PBXGroup;
			children = (
				A0AB7C2E2C6537330092986E /* Onboarding */,
			);
			path = Scenes;
			sourceTree = "<group>";
		};
		A07005DE2C674A4700813123 /* Constants */ = {
			isa = PBXGroup;
			children = (
				A07005DF2C674A5E00813123 /* Constants.swift */,
			);
			path = Constants;
			sourceTree = "<group>";
		};
		A0AB7C2E2C6537330092986E /* Onboarding */ = {
			isa = PBXGroup;
			children = (
				A0AB7C312C6537980092986E /* OnboardingModel.swift */,
				A0AB7C332C6538070092986E /* OnboardingState.swift */,
				A0AB7C352C65384B0092986E /* OnboardingAction.swift */,
				A0AB7C372C6538DE0092986E /* OnboardingReducer.swift */,
				A0AB7C392C653A4B0092986E /* OnboardingStore.swift */,
				A0AB7C2F2C6537750092986E /* OnboardingView.swift */,
			);
			path = Onboarding;
			sourceTree = "<group>";
		};
/* End PBXGroup section */

/* Begin PBXNativeTarget section */
		A02A06212C63E06C001539D3 /* Splashy */ = {
			isa = PBXNativeTarget;
			buildConfigurationList = A02A06302C63E06D001539D3 /* Build configuration list for PBXNativeTarget "Splashy" */;
			buildPhases = (
				A02A061E2C63E06C001539D3 /* Sources */,
				A02A061F2C63E06C001539D3 /* Frameworks */,
				A02A06202C63E06C001539D3 /* Resources */,
			);
			buildRules = (
			);
			dependencies = (
			);
			name = Splashy;
			productName = Splashy;
			productReference = A02A06222C63E06C001539D3 /* Splashy.app */;
			productType = "com.apple.product-type.application";
		};
/* End PBXNativeTarget section */

/* Begin PBXProject section */
		A02A061A2C63E06C001539D3 /* Project object */ = {
			isa = PBXProject;
			attributes = {
				BuildIndependentTargetsInParallel = 1;
				LastSwiftUpdateCheck = 1540;
				LastUpgradeCheck = 1540;
				TargetAttributes = {
					A02A06212C63E06C001539D3 = {
						CreatedOnToolsVersion = 15.4;
					};
				};
			};
			buildConfigurationList = A02A061D2C63E06C001539D3 /* Build configuration list for PBXProject "Splashy" */;
			compatibilityVersion = "Xcode 14.0";
			developmentRegion = en;
			hasScannedForEncodings = 0;
			knownRegions = (
				en,
				Base,
			);
			mainGroup = A02A06192C63E06C001539D3;
			productRefGroup = A02A06232C63E06C001539D3 /* Products */;
			projectDirPath = "";
			projectRoot = "";
			targets = (
				A02A06212C63E06C001539D3 /* Splashy */,
			);
		};
/* End PBXProject section */

/* Begin PBXResourcesBuildPhase section */
		A02A06202C63E06C001539D3 /* Resources */ = {
			isa = PBXResourcesBuildPhase;
			buildActionMask = 2147483647;
			files = (
				A02A062D2C63E06D001539D3 /* Preview Assets.xcassets in Resources */,
				A02A062A2C63E06D001539D3 /* Assets.xcassets in Resources */,
			);
			runOnlyForDeploymentPostprocessing = 0;
		};
/* End PBXResourcesBuildPhase section */

/* Begin PBXSourcesBuildPhase section */
		A02A061E2C63E06C001539D3 /* Sources */ = {
			isa = PBXSourcesBuildPhase;
			buildActionMask = 2147483647;
			files = (
				A0AB7C342C6538070092986E /* OnboardingState.swift in Sources */,
				A02A064E2C63E854001539D3 /* APIManager.swift in Sources */,
				A0AB7C362C65384B0092986E /* OnboardingAction.swift in Sources */,
				A07005E22C677E7E00813123 /* AppState.swift in Sources */,
				A0AB7C322C6537980092986E /* OnboardingModel.swift in Sources */,
				A0AB7C302C6537750092986E /* OnboardingView.swift in Sources */,
				A02A06262C63E06C001539D3 /* SplashyApp.swift in Sources */,
				A0AB7C402C6540E40092986E /* OnboardingPageView.swift in Sources */,
				A02A06502C63E860001539D3 /* DBManager.swift in Sources */,
				A0AB7C382C6538DE0092986E /* OnboardingReducer.swift in Sources */,
				A0AB7C3A2C653A4B0092986E /* OnboardingStore.swift in Sources */,
				A07005E02C674A5E00813123 /* Constants.swift in Sources */,
			);
			runOnlyForDeploymentPostprocessing = 0;
		};
/* End PBXSourcesBuildPhase section */

/* Begin XCBuildConfiguration section */
		A02A062E2C63E06D001539D3 /* Debug */ = {
			isa = XCBuildConfiguration;
			buildSettings = {
				ALWAYS_SEARCH_USER_PATHS = NO;
				ASSETCATALOG_COMPILER_GENERATE_SWIFT_ASSET_SYMBOL_EXTENSIONS = YES;
				CLANG_ANALYZER_NONNULL = YES;
				CLANG_ANALYZER_NUMBER_OBJECT_CONVERSION = YES_AGGRESSIVE;
				CLANG_CXX_LANGUAGE_STANDARD = "gnu++20";
				CLANG_ENABLE_MODULES = YES;
				CLANG_ENABLE_OBJC_ARC = YES;
				CLANG_ENABLE_OBJC_WEAK = YES;
				CLANG_WARN_BLOCK_CAPTURE_AUTORELEASING = YES;
				CLANG_WARN_BOOL_CONVERSION = YES;
				CLANG_WARN_COMMA = YES;
				CLANG_WARN_CONSTANT_CONVERSION = YES;
				CLANG_WARN_DEPRECATED_OBJC_IMPLEMENTATIONS = YES;
				CLANG_WARN_DIRECT_OBJC_ISA_USAGE = YES_ERROR;
				CLANG_WARN_DOCUMENTATION_COMMENTS = YES;
				CLANG_WARN_EMPTY_BODY = YES;
				CLANG_WARN_ENUM_CONVERSION = YES;
				CLANG_WARN_INFINITE_RECURSION = YES;
				CLANG_WARN_INT_CONVERSION = YES;
				CLANG_WARN_NON_LITERAL_NULL_CONVERSION = YES;
				CLANG_WARN_OBJC_IMPLICIT_RETAIN_SELF = YES;
				CLANG_WARN_OBJC_LITERAL_CONVERSION = YES;
				CLANG_WARN_OBJC_ROOT_CLASS = YES_ERROR;
				CLANG_WARN_QUOTED_INCLUDE_IN_FRAMEWORK_HEADER = YES;
				CLANG_WARN_RANGE_LOOP_ANALYSIS = YES;
				CLANG_WARN_STRICT_PROTOTYPES = YES;
				CLANG_WARN_SUSPICIOUS_MOVE = YES;
				CLANG_WARN_UNGUARDED_AVAILABILITY = YES_AGGRESSIVE;
				CLANG_WARN_UNREACHABLE_CODE = YES;
				CLANG_WARN__DUPLICATE_METHOD_MATCH = YES;
				COPY_PHASE_STRIP = NO;
				DEBUG_INFORMATION_FORMAT = dwarf;
				ENABLE_STRICT_OBJC_MSGSEND = YES;
				ENABLE_TESTABILITY = YES;
				ENABLE_USER_SCRIPT_SANDBOXING = YES;
				GCC_C_LANGUAGE_STANDARD = gnu17;
				GCC_DYNAMIC_NO_PIC = NO;
				GCC_NO_COMMON_BLOCKS = YES;
				GCC_OPTIMIZATION_LEVEL = 0;
				GCC_PREPROCESSOR_DEFINITIONS = (
					"DEBUG=1",
					"$(inherited)",
				);
				GCC_WARN_64_TO_32_BIT_CONVERSION = YES;
				GCC_WARN_ABOUT_RETURN_TYPE = YES_ERROR;
				GCC_WARN_UNDECLARED_SELECTOR = YES;
				GCC_WARN_UNINITIALIZED_AUTOS = YES_AGGRESSIVE;
				GCC_WARN_UNUSED_FUNCTION = YES;
				GCC_WARN_UNUSED_VARIABLE = YES;
				IPHONEOS_DEPLOYMENT_TARGET = 17.5;
				LOCALIZATION_PREFERS_STRING_CATALOGS = YES;
				MTL_ENABLE_DEBUG_INFO = INCLUDE_SOURCE;
				MTL_FAST_MATH = YES;
				ONLY_ACTIVE_ARCH = YES;
				SDKROOT = iphoneos;
				SWIFT_ACTIVE_COMPILATION_CONDITIONS = "DEBUG $(inherited)";
				SWIFT_OPTIMIZATION_LEVEL = "-Onone";
			};
			name = Debug;
		};
		A02A062F2C63E06D001539D3 /* Release */ = {
			isa = XCBuildConfiguration;
			buildSettings = {
				ALWAYS_SEARCH_USER_PATHS = NO;
				ASSETCATALOG_COMPILER_GENERATE_SWIFT_ASSET_SYMBOL_EXTENSIONS = YES;
				CLANG_ANALYZER_NONNULL = YES;
				CLANG_ANALYZER_NUMBER_OBJECT_CONVERSION = YES_AGGRESSIVE;
				CLANG_CXX_LANGUAGE_STANDARD = "gnu++20";
				CLANG_ENABLE_MODULES = YES;
				CLANG_ENABLE_OBJC_ARC = YES;
				CLANG_ENABLE_OBJC_WEAK = YES;
				CLANG_WARN_BLOCK_CAPTURE_AUTORELEASING = YES;
				CLANG_WARN_BOOL_CONVERSION = YES;
				CLANG_WARN_COMMA = YES;
				CLANG_WARN_CONSTANT_CONVERSION = YES;
				CLANG_WARN_DEPRECATED_OBJC_IMPLEMENTATIONS = YES;
				CLANG_WARN_DIRECT_OBJC_ISA_USAGE = YES_ERROR;
				CLANG_WARN_DOCUMENTATION_COMMENTS = YES;
				CLANG_WARN_EMPTY_BODY = YES;
				CLANG_WARN_ENUM_CONVERSION = YES;
				CLANG_WARN_INFINITE_RECURSION = YES;
				CLANG_WARN_INT_CONVERSION = YES;
				CLANG_WARN_NON_LITERAL_NULL_CONVERSION = YES;
				CLANG_WARN_OBJC_IMPLICIT_RETAIN_SELF = YES;
				CLANG_WARN_OBJC_LITERAL_CONVERSION = YES;
				CLANG_WARN_OBJC_ROOT_CLASS = YES_ERROR;
				CLANG_WARN_QUOTED_INCLUDE_IN_FRAMEWORK_HEADER = YES;
				CLANG_WARN_RANGE_LOOP_ANALYSIS = YES;
				CLANG_WARN_STRICT_PROTOTYPES = YES;
				CLANG_WARN_SUSPICIOUS_MOVE = YES;
				CLANG_WARN_UNGUARDED_AVAILABILITY = YES_AGGRESSIVE;
				CLANG_WARN_UNREACHABLE_CODE = YES;
				CLANG_WARN__DUPLICATE_METHOD_MATCH = YES;
				COPY_PHASE_STRIP = NO;
				DEBUG_INFORMATION_FORMAT = "dwarf-with-dsym";
				ENABLE_NS_ASSERTIONS = NO;
				ENABLE_STRICT_OBJC_MSGSEND = YES;
				ENABLE_USER_SCRIPT_SANDBOXING = YES;
				GCC_C_LANGUAGE_STANDARD = gnu17;
				GCC_NO_COMMON_BLOCKS = YES;
				GCC_WARN_64_TO_32_BIT_CONVERSION = YES;
				GCC_WARN_ABOUT_RETURN_TYPE = YES_ERROR;
				GCC_WARN_UNDECLARED_SELECTOR = YES;
				GCC_WARN_UNINITIALIZED_AUTOS = YES_AGGRESSIVE;
				GCC_WARN_UNUSED_FUNCTION = YES;
				GCC_WARN_UNUSED_VARIABLE = YES;
				IPHONEOS_DEPLOYMENT_TARGET = 17.5;
				LOCALIZATION_PREFERS_STRING_CATALOGS = YES;
				MTL_ENABLE_DEBUG_INFO = NO;
				MTL_FAST_MATH = YES;
				SDKROOT = iphoneos;
				SWIFT_COMPILATION_MODE = wholemodule;
				VALIDATE_PRODUCT = YES;
			};
			name = Release;
		};
		A02A06312C63E06D001539D3 /* Debug */ = {
			isa = XCBuildConfiguration;
			buildSettings = {
				ASSETCATALOG_COMPILER_APPICON_NAME = AppIcon;
				ASSETCATALOG_COMPILER_GLOBAL_ACCENT_COLOR_NAME = AccentColor;
				CODE_SIGN_STYLE = Automatic;
				CURRENT_PROJECT_VERSION = 1;
				DEVELOPMENT_ASSET_PATHS = "\"Splashy/Preview Content\"";
				DEVELOPMENT_TEAM = 8SY2WQX9CL;
				ENABLE_PREVIEWS = YES;
				GENERATE_INFOPLIST_FILE = YES;
				INFOPLIST_KEY_CFBundleDisplayName = Splashy;
				INFOPLIST_KEY_LSApplicationCategoryType = "public.app-category.entertainment";
				INFOPLIST_KEY_UIApplicationSceneManifest_Generation = YES;
				INFOPLIST_KEY_UIApplicationSupportsIndirectInputEvents = YES;
				INFOPLIST_KEY_UILaunchScreen_Generation = YES;
				INFOPLIST_KEY_UIRequiresFullScreen = YES;
				INFOPLIST_KEY_UIStatusBarHidden = YES;
				INFOPLIST_KEY_UISupportedInterfaceOrientations = UIInterfaceOrientationPortrait;
				INFOPLIST_KEY_UISupportedInterfaceOrientations_iPad = "UIInterfaceOrientationLandscapeLeft UIInterfaceOrientationLandscapeRight UIInterfaceOrientationPortrait UIInterfaceOrientationPortraitUpsideDown";
				LD_RUNPATH_SEARCH_PATHS = (
					"$(inherited)",
					"@executable_path/Frameworks",
				);
				MARKETING_VERSION = 1.0;
				PRODUCT_BUNDLE_IDENTIFIER = com.axlobanoff.Splashy;
				PRODUCT_NAME = "$(TARGET_NAME)";
				SUPPORTED_PLATFORMS = "iphoneos iphonesimulator";
				SUPPORTS_MACCATALYST = NO;
				SUPPORTS_MAC_DESIGNED_FOR_IPHONE_IPAD = NO;
				SUPPORTS_XR_DESIGNED_FOR_IPHONE_IPAD = NO;
				SWIFT_EMIT_LOC_STRINGS = YES;
				SWIFT_VERSION = 5.0;
				TARGETED_DEVICE_FAMILY = "1,2";
			};
			name = Debug;
		};
		A02A06322C63E06D001539D3 /* Release */ = {
			isa = XCBuildConfiguration;
			buildSettings = {
				ASSETCATALOG_COMPILER_APPICON_NAME = AppIcon;
				ASSETCATALOG_COMPILER_GLOBAL_ACCENT_COLOR_NAME = AccentColor;
				CODE_SIGN_STYLE = Automatic;
				CURRENT_PROJECT_VERSION = 1;
				DEVELOPMENT_ASSET_PATHS = "\"Splashy/Preview Content\"";
				DEVELOPMENT_TEAM = 8SY2WQX9CL;
				ENABLE_PREVIEWS = YES;
				GENERATE_INFOPLIST_FILE = YES;
				INFOPLIST_KEY_CFBundleDisplayName = Splashy;
				INFOPLIST_KEY_LSApplicationCategoryType = "public.app-category.entertainment";
				INFOPLIST_KEY_UIApplicationSceneManifest_Generation = YES;
				INFOPLIST_KEY_UIApplicationSupportsIndirectInputEvents = YES;
				INFOPLIST_KEY_UILaunchScreen_Generation = YES;
				INFOPLIST_KEY_UIRequiresFullScreen = YES;
				INFOPLIST_KEY_UIStatusBarHidden = YES;
				INFOPLIST_KEY_UISupportedInterfaceOrientations = UIInterfaceOrientationPortrait;
				INFOPLIST_KEY_UISupportedInterfaceOrientations_iPad = "UIInterfaceOrientationLandscapeLeft UIInterfaceOrientationLandscapeRight UIInterfaceOrientationPortrait UIInterfaceOrientationPortraitUpsideDown";
				LD_RUNPATH_SEARCH_PATHS = (
					"$(inherited)",
					"@executable_path/Frameworks",
				);
				MARKETING_VERSION = 1.0;
				PRODUCT_BUNDLE_IDENTIFIER = com.axlobanoff.Splashy;
				PRODUCT_NAME = "$(TARGET_NAME)";
				SUPPORTED_PLATFORMS = "iphoneos iphonesimulator";
				SUPPORTS_MACCATALYST = NO;
				SUPPORTS_MAC_DESIGNED_FOR_IPHONE_IPAD = NO;
				SUPPORTS_XR_DESIGNED_FOR_IPHONE_IPAD = NO;
				SWIFT_EMIT_LOC_STRINGS = YES;
				SWIFT_VERSION = 5.0;
				TARGETED_DEVICE_FAMILY = "1,2";
			};
			name = Release;
		};
/* End XCBuildConfiguration section */

/* Begin XCConfigurationList section */
		A02A061D2C63E06C001539D3 /* Build configuration list for PBXProject "Splashy" */ = {
			isa = XCConfigurationList;
			buildConfigurations = (
				A02A062E2C63E06D001539D3 /* Debug */,
				A02A062F2C63E06D001539D3 /* Release */,
			);
			defaultConfigurationIsVisible = 0;
			defaultConfigurationName = Release;
		};
		A02A06302C63E06D001539D3 /* Build configuration list for PBXNativeTarget "Splashy" */ = {
			isa = XCConfigurationList;
			buildConfigurations = (
				A02A06312C63E06D001539D3 /* Debug */,
				A02A06322C63E06D001539D3 /* Release */,
			);
			defaultConfigurationIsVisible = 0;
			defaultConfigurationName = Release;
		};
/* End XCConfigurationList section */
	};
	rootObject = A02A061A2C63E06C001539D3 /* Project object */;
}
